
Microsoft Visual Studio Solution File, Format Version 12.00
# Visual Studio Version 17
VisualStudioVersion = 17.7.34031.279
MinimumVisualStudioVersion = 10.0.40219.1
Project("{9A19103F-16F7-4668-BE54-9A1E7A4F7556}") = "OOPSProject", "OOPSProject\OOPSProject.csproj", "{07556426-A4C4-41FA-BBEB-63F8DB96C2B0}"
EndProject
Project("{FAE04EC0-301F-11D3-BF4B-00C04F79EFBC}") = "Multithreading", "Multithreading\Multithreading.csproj", "{114FA23C-ACA6-4202-A10D-B67BAFCD99DB}"
EndProject
Global
	GlobalSection(SolutionConfigurationPlatforms) = preSolution
		Debug|Any CPU = Debug|Any CPU
		Release|Any CPU = Release|Any CPU
	EndGlobalSection
	GlobalSection(ProjectConfigurationPlatforms) = postSolution
		{07556426-A4C4-41FA-BBEB-63F8DB96C2B0}.Debug|Any CPU.ActiveCfg = Debug|Any CPU
		{07556426-A4C4-41FA-BBEB-63F8DB96C2B0}.Debug|Any CPU.Build.0 = Debug|Any CPU
		{07556426-A4C4-41FA-BBEB-63F8DB96C2B0}.Release|Any CPU.ActiveCfg = Release|Any CPU
		{07556426-A4C4-41FA-BBEB-63F8DB96C2B0}.Release|Any CPU.Build.0 = Release|Any CPU
		{114FA23C-ACA6-4202-A10D-B67BAFCD99DB}.Debug|Any CPU.ActiveCfg = Debug|Any CPU
		{114FA23C-ACA6-4202-A10D-B67BAFCD99DB}.Debug|Any CPU.Build.0 = Debug|Any CPU
		{114FA23C-ACA6-4202-A10D-B67BAFCD99DB}.Release|Any CPU.ActiveCfg = Release|Any CPU
		{114FA23C-ACA6-4202-A10D-B67BAFCD99DB}.Release|Any CPU.Build.0 = Release|Any CPU
	EndGlobalSection
	GlobalSection(SolutionProperties) = preSolution
		HideSolutionNode = FALSE
	EndGlobalSection
	GlobalSection(ExtensibilityGlobals) = postSolution
		SolutionGuid = {E27E56DC-721E-42BA-9BE0-4A5FD08D4074}
	EndGlobalSection
EndGlobal
