
Microsoft Visual Studio Solution File, Format Version 12.00
# Visual Studio Version 17
VisualStudioVersion = 17.10.34928.147
MinimumVisualStudioVersion = 10.0.40219.1
Project("{FAE04EC0-301F-11D3-BF4B-00C04F79EFBC}") = "WindowsAppDemo", "WindowsAppDemo\WindowsAppDemo.csproj", "{73A6CC0B-42EE-4933-B526-EC2D07EC399E}"
EndProject
Global
	GlobalSection(SolutionConfigurationPlatforms) = preSolution
		Debug|Any CPU = Debug|Any CPU
		Release|Any CPU = Release|Any CPU
	EndGlobalSection
	GlobalSection(ProjectConfigurationPlatforms) = postSolution
		{73A6CC0B-42EE-4933-B526-EC2D07EC399E}.Debug|Any CPU.ActiveCfg = Debug|Any CPU
		{73A6CC0B-42EE-4933-B526-EC2D07EC399E}.Debug|Any CPU.Build.0 = Debug|Any CPU
		{73A6CC0B-42EE-4933-B526-EC2D07EC399E}.Release|Any CPU.ActiveCfg = Release|Any CPU
		{73A6CC0B-42EE-4933-B526-EC2D07EC399E}.Release|Any CPU.Build.0 = Release|Any CPU
	EndGlobalSection
	GlobalSection(SolutionProperties) = preSolution
		HideSolutionNode = FALSE
	EndGlobalSection
	GlobalSection(ExtensibilityGlobals) = postSolution
		SolutionGuid = {101CA30E-8923-4D06-83EA-17DDFF40A2F3}
	EndGlobalSection
EndGlobal
